
Microsoft Visual Studio Solution File, Format Version 12.00
# Visual Studio 14
VisualStudioVersion = 14.0.23107.0
MinimumVisualStudioVersion = 10.0.40219.1
Project("{FAE04EC0-301F-11D3-BF4B-00C04F79EFBC}") = "TraxCodeEditor", "TraxCodeEditor.csproj", "{CACD5C30-302F-41E7-B07C-BD1ED8845002}"
EndProject
Project("{FAE04EC0-301F-11D3-BF4B-00C04F79EFBC}") = "Test", "Test\Test.csproj", "{206EDE38-83E4-494B-A37C-CAE517B87333}"
EndProject
Project("{FAE04EC0-301F-11D3-BF4B-00C04F79EFBC}") = "ScintillaNET", "..\ScintillaNET\src\ScintillaNET\ScintillaNET.csproj", "{22AE2386-60F1-476E-9303-61CDB0AAC4CF}"
EndProject
Project("{FAE04EC0-301F-11D3-BF4B-00C04F79EFBC}") = "Test1", "Test1\Test1.csproj", "{2F5F049E-0C13-494F-9928-C3683B66FFB2}"
EndProject
Global
	GlobalSection(SolutionConfigurationPlatforms) = preSolution
		Debug|Any CPU = Debug|Any CPU
		Release|Any CPU = Release|Any CPU
		Signed|Any CPU = Signed|Any CPU
	EndGlobalSection
	GlobalSection(ProjectConfigurationPlatforms) = postSolution
		{CACD5C30-302F-41E7-B07C-BD1ED8845002}.Debug|Any CPU.ActiveCfg = Debug|Any CPU
		{CACD5C30-302F-41E7-B07C-BD1ED8845002}.Debug|Any CPU.Build.0 = Debug|Any CPU
		{CACD5C30-302F-41E7-B07C-BD1ED8845002}.Release|Any CPU.ActiveCfg = Release|Any CPU
		{CACD5C30-302F-41E7-B07C-BD1ED8845002}.Release|Any CPU.Build.0 = Release|Any CPU
		{CACD5C30-302F-41E7-B07C-BD1ED8845002}.Signed|Any CPU.ActiveCfg = Release|Any CPU
		{CACD5C30-302F-41E7-B07C-BD1ED8845002}.Signed|Any CPU.Build.0 = Release|Any CPU
		{206EDE38-83E4-494B-A37C-CAE517B87333}.Debug|Any CPU.ActiveCfg = Debug|Any CPU
		{206EDE38-83E4-494B-A37C-CAE517B87333}.Debug|Any CPU.Build.0 = Debug|Any CPU
		{206EDE38-83E4-494B-A37C-CAE517B87333}.Release|Any CPU.ActiveCfg = Release|Any CPU
		{206EDE38-83E4-494B-A37C-CAE517B87333}.Release|Any CPU.Build.0 = Release|Any CPU
		{206EDE38-83E4-494B-A37C-CAE517B87333}.Signed|Any CPU.ActiveCfg = Release|Any CPU
		{206EDE38-83E4-494B-A37C-CAE517B87333}.Signed|Any CPU.Build.0 = Release|Any CPU
		{22AE2386-60F1-476E-9303-61CDB0AAC4CF}.Debug|Any CPU.ActiveCfg = Debug|Any CPU
		{22AE2386-60F1-476E-9303-61CDB0AAC4CF}.Debug|Any CPU.Build.0 = Debug|Any CPU
		{22AE2386-60F1-476E-9303-61CDB0AAC4CF}.Release|Any CPU.ActiveCfg = Release|Any CPU
		{22AE2386-60F1-476E-9303-61CDB0AAC4CF}.Release|Any CPU.Build.0 = Release|Any CPU
		{22AE2386-60F1-476E-9303-61CDB0AAC4CF}.Signed|Any CPU.ActiveCfg = Signed|Any CPU
		{22AE2386-60F1-476E-9303-61CDB0AAC4CF}.Signed|Any CPU.Build.0 = Signed|Any CPU
		{2F5F049E-0C13-494F-9928-C3683B66FFB2}.Debug|Any CPU.ActiveCfg = Debug|Any CPU
		{2F5F049E-0C13-494F-9928-C3683B66FFB2}.Debug|Any CPU.Build.0 = Debug|Any CPU
		{2F5F049E-0C13-494F-9928-C3683B66FFB2}.Release|Any CPU.ActiveCfg = Release|Any CPU
		{2F5F049E-0C13-494F-9928-C3683B66FFB2}.Release|Any CPU.Build.0 = Release|Any CPU
		{2F5F049E-0C13-494F-9928-C3683B66FFB2}.Signed|Any CPU.ActiveCfg = Release|Any CPU
		{2F5F049E-0C13-494F-9928-C3683B66FFB2}.Signed|Any CPU.Build.0 = Release|Any CPU
	EndGlobalSection
	GlobalSection(SolutionProperties) = preSolution
		HideSolutionNode = FALSE
	EndGlobalSection
EndGlobal
